<?xml version="1.0" encoding="utf-8"?>
<Project ToolsVersion="4.0" xmlns="http://schemas.microsoft.com/developer/msbuild/2003">
  <ItemGroup>
    <Filter Include="Source Files">
      <UniqueIdentifier>{4FC737F1-C7A5-4376-A066-2A32D752A2FF}</UniqueIdentifier>
      <Extensions>cpp;c;cc;cxx;def;odl;idl;hpj;bat;asm;asmx</Extensions>
    </Filter>
    <Filter Include="Header Files">
      <UniqueIdentifier>{93995380-89BD-4b04-88EB-625FBE52EBFB}</UniqueIdentifier>
      <Extensions>h;hh;hpp;hxx;hm;inl;inc;ipp;xsd</Extensions>
    </Filter>
    <Filter Include="Resource Files">
      <UniqueIdentifier>{67DA6AB6-F800-4c08-8B7A-83BB121AAD01}</UniqueIdentifier>
      <Extensions>rc;ico;cur;bmp;dlg;rc2;rct;bin;rgs;gif;jpg;jpeg;jpe;resx;tiff;tif;png;wav;mfcribbon-ms</Extensions>
    </Filter>
    <Filter Include="DataStructures">
      <UniqueIdentifier>{322ccfcc-c13f-406b-9bb4-1e5d70d76751}</UniqueIdentifier>
    </Filter>
    <Filter Include="DataStructures\HashTables">
      <UniqueIdentifier>{3e8645d6-31e8-4669-9ba1-fe515a3bb88e}</UniqueIdentifier>
    </Filter>
    <Filter Include="DataStructures\HashTables\Outputs">
      <UniqueIdentifier>{41d57355-f328-4587-90be-a61c5f747c3d}</UniqueIdentifier>
    </Filter>
    <Filter Include="DataStructures\LinkedLists">
      <UniqueIdentifier>{f8acd449-8bdc-4ede-839e-11abd44c6b4c}</UniqueIdentifier>
    </Filter>
    <Filter Include="DataStructures\Stacks">
      <UniqueIdentifier>{ea7babe5-e6a5-4e1c-9a65-37650e3f3a52}</UniqueIdentifier>
    </Filter>
    <Filter Include="DataStructures\Queues">
      <UniqueIdentifier>{04b434dd-a607-4a38-87f8-f71c47227071}</UniqueIdentifier>
    </Filter>
  </ItemGroup>
  <ItemGroup>
    <ClCompile Include="DataStructuresAndAlgos.cpp">
      <Filter>Source Files</Filter>
    </ClCompile>
    <ClCompile Include="HashTableTester.cpp">
      <Filter>DataStructures\HashTables</Filter>
    </ClCompile>
    <ClCompile Include="HashTable.cpp">
      <Filter>DataStructures\HashTables</Filter>
    </ClCompile>
    <ClCompile Include="TableEntry.cpp">
      <Filter>DataStructures\HashTables</Filter>
    </ClCompile>
    <ClCompile Include="Utils.cpp">
      <Filter>Source Files</Filter>
    </ClCompile>
    <ClCompile Include="StackTester.cpp">
      <Filter>DataStructures\Stacks</Filter>
    </ClCompile>
    <ClCompile Include="StackFromLists.cpp">
      <Filter>DataStructures\Stacks</Filter>
    </ClCompile>
    <ClCompile Include="StackFromVectors.cpp">
      <Filter>DataStructures\Stacks</Filter>
    </ClCompile>
  </ItemGroup>
  <ItemGroup>
    <ClInclude Include="HashTable.h">
      <Filter>Header Files</Filter>
    </ClInclude>
    <ClInclude Include="TableEntry.h">
      <Filter>Header Files</Filter>
    </ClInclude>
    <ClInclude Include="Utils.h">
      <Filter>Header Files</Filter>
    </ClInclude>
    <ClInclude Include="StackFromVectors.h">
      <Filter>Header Files</Filter>
    </ClInclude>
    <ClInclude Include="StackFromLists.h">
      <Filter>Header Files</Filter>
    </ClInclude>
  </ItemGroup>
</Project>